
Microsoft Visual Studio Solution File, Format Version 12.00
# Visual Studio Version 16
VisualStudioVersion = 16.0.31702.278
MinimumVisualStudioVersion = 10.0.40219.1
Project("{9A19103F-16F7-4668-BE54-9A1E7A4F7556}") = "DAL", "DAL\DAL.csproj", "{3B4564B9-6B72-4DB4-B3AF-B6C825D18AC7}"
EndProject
Project("{9A19103F-16F7-4668-BE54-9A1E7A4F7556}") = "BLL", "BLL\BLL.csproj", "{077957B1-2D5A-44FB-B636-8F9E30CB7E7F}"
EndProject
Project("{9A19103F-16F7-4668-BE54-9A1E7A4F7556}") = "WebApi", "WebApi\WebApi.csproj", "{C52D24E5-17DA-40F4-B30E-357954BC2940}"
EndProject
Project("{9A19103F-16F7-4668-BE54-9A1E7A4F7556}") = "WebUI", "WebUI\WebUI.csproj", "{DC6A0495-88E9-4316-8926-EE05A99ACE2F}"
EndProject
Global
	GlobalSection(SolutionConfigurationPlatforms) = preSolution
		Debug|Any CPU = Debug|Any CPU
		Release|Any CPU = Release|Any CPU
	EndGlobalSection
	GlobalSection(ProjectConfigurationPlatforms) = postSolution
		{3B4564B9-6B72-4DB4-B3AF-B6C825D18AC7}.Debug|Any CPU.ActiveCfg = Debug|Any CPU
		{3B4564B9-6B72-4DB4-B3AF-B6C825D18AC7}.Debug|Any CPU.Build.0 = Debug|Any CPU
		{3B4564B9-6B72-4DB4-B3AF-B6C825D18AC7}.Release|Any CPU.ActiveCfg = Release|Any CPU
		{3B4564B9-6B72-4DB4-B3AF-B6C825D18AC7}.Release|Any CPU.Build.0 = Release|Any CPU
		{077957B1-2D5A-44FB-B636-8F9E30CB7E7F}.Debug|Any CPU.ActiveCfg = Debug|Any CPU
		{077957B1-2D5A-44FB-B636-8F9E30CB7E7F}.Debug|Any CPU.Build.0 = Debug|Any CPU
		{077957B1-2D5A-44FB-B636-8F9E30CB7E7F}.Release|Any CPU.ActiveCfg = Release|Any CPU
		{077957B1-2D5A-44FB-B636-8F9E30CB7E7F}.Release|Any CPU.Build.0 = Release|Any CPU
		{C52D24E5-17DA-40F4-B30E-357954BC2940}.Debug|Any CPU.ActiveCfg = Debug|Any CPU
		{C52D24E5-17DA-40F4-B30E-357954BC2940}.Debug|Any CPU.Build.0 = Debug|Any CPU
		{C52D24E5-17DA-40F4-B30E-357954BC2940}.Release|Any CPU.ActiveCfg = Release|Any CPU
		{C52D24E5-17DA-40F4-B30E-357954BC2940}.Release|Any CPU.Build.0 = Release|Any CPU
		{DC6A0495-88E9-4316-8926-EE05A99ACE2F}.Debug|Any CPU.ActiveCfg = Debug|Any CPU
		{DC6A0495-88E9-4316-8926-EE05A99ACE2F}.Debug|Any CPU.Build.0 = Debug|Any CPU
		{DC6A0495-88E9-4316-8926-EE05A99ACE2F}.Release|Any CPU.ActiveCfg = Release|Any CPU
		{DC6A0495-88E9-4316-8926-EE05A99ACE2F}.Release|Any CPU.Build.0 = Release|Any CPU
	EndGlobalSection
	GlobalSection(SolutionProperties) = preSolution
		HideSolutionNode = FALSE
	EndGlobalSection
	GlobalSection(ExtensibilityGlobals) = postSolution
		SolutionGuid = {7EF8C5B5-13C0-4EC4-92C2-89513C723984}
	EndGlobalSection
EndGlobal
